
Microsoft Visual Studio Solution File, Format Version 12.00
# Visual Studio Version 16
VisualStudioVersion = 16.0.29728.190
MinimumVisualStudioVersion = 10.0.40219.1
Project("{FAE04EC0-301F-11D3-BF4B-00C04F79EFBC}") = "Test", "Test\Test.csproj", "{EEC17A24-7F16-402C-B929-DB3638090987}"
EndProject
Project("{FAE04EC0-301F-11D3-BF4B-00C04F79EFBC}") = "DAL", "DAL\DAL.csproj", "{4BB31765-C7B4-402F-9551-BE0190517F7B}"
EndProject
Project("{FAE04EC0-301F-11D3-BF4B-00C04F79EFBC}") = "BL", "BL\BL.csproj", "{1BBB40E5-57B4-440F-ABC8-A5975BA4CB8B}"
EndProject
Global
	GlobalSection(SolutionConfigurationPlatforms) = preSolution
		Debug|Any CPU = Debug|Any CPU
		Release|Any CPU = Release|Any CPU
	EndGlobalSection
	GlobalSection(ProjectConfigurationPlatforms) = postSolution
		{EEC17A24-7F16-402C-B929-DB3638090987}.Debug|Any CPU.ActiveCfg = Debug|Any CPU
		{EEC17A24-7F16-402C-B929-DB3638090987}.Debug|Any CPU.Build.0 = Debug|Any CPU
		{EEC17A24-7F16-402C-B929-DB3638090987}.Release|Any CPU.ActiveCfg = Release|Any CPU
		{EEC17A24-7F16-402C-B929-DB3638090987}.Release|Any CPU.Build.0 = Release|Any CPU
		{4BB31765-C7B4-402F-9551-BE0190517F7B}.Debug|Any CPU.ActiveCfg = Debug|Any CPU
		{4BB31765-C7B4-402F-9551-BE0190517F7B}.Debug|Any CPU.Build.0 = Debug|Any CPU
		{4BB31765-C7B4-402F-9551-BE0190517F7B}.Release|Any CPU.ActiveCfg = Release|Any CPU
		{4BB31765-C7B4-402F-9551-BE0190517F7B}.Release|Any CPU.Build.0 = Release|Any CPU
		{1BBB40E5-57B4-440F-ABC8-A5975BA4CB8B}.Debug|Any CPU.ActiveCfg = Debug|Any CPU
		{1BBB40E5-57B4-440F-ABC8-A5975BA4CB8B}.Debug|Any CPU.Build.0 = Debug|Any CPU
		{1BBB40E5-57B4-440F-ABC8-A5975BA4CB8B}.Release|Any CPU.ActiveCfg = Release|Any CPU
		{1BBB40E5-57B4-440F-ABC8-A5975BA4CB8B}.Release|Any CPU.Build.0 = Release|Any CPU
	EndGlobalSection
	GlobalSection(SolutionProperties) = preSolution
		HideSolutionNode = FALSE
	EndGlobalSection
	GlobalSection(ExtensibilityGlobals) = postSolution
		SolutionGuid = {DE2AA5CF-2634-49AE-A4EA-60AEFA6A1319}
	EndGlobalSection
EndGlobal
